// !$*UTF8*$!
{
	archiveVersion = 1;
	classes = {
	};
	objectVersion = 46;
	objects = {

/* Begin PBXCopyFilesBuildPhase section */
		A9A5595B146D120A003B5A4A /* CopyFiles */ = {
			isa = PBXCopyFilesBuildPhase;
			buildActionMask = 2147483647;
			dstPath = /usr/share/man/man1/;
			dstSubfolderSpec = 0;
			files = (
			);
			runOnlyForDeploymentPostprocessing = 1;
		};
/* End PBXCopyFilesBuildPhase section */

/* Begin PBXFileReference section */
		A9A5594F146D116D003B5A4A /* cmd.c */ = {isa = PBXFileReference; lastKnownFileType = sourcecode.c.c; name = cmd.c; path = ../cmd.c; sourceTree = "<group>"; };
		A9A55950146D116D003B5A4A /* cmd.h */ = {isa = PBXFileReference; lastKnownFileType = sourcecode.c.h; name = cmd.h; path = ../cmd.h; sourceTree = "<group>"; };
		A9A55952146D116D003B5A4A /* giza2bal.pl */ = {isa = PBXFileReference; lastKnownFileType = text.script.perl; name = giza2bal.pl; path = ../giza2bal.pl; sourceTree = "<group>"; };
		A9A55954146D116D003B5A4A /* symal.cpp */ = {isa = PBXFileReference; lastKnownFileType = sourcecode.cpp.cpp; path = symal.cpp; sourceTree = SOURCE_ROOT; };
		A9A5595D146D120A003B5A4A /* symal */ = {isa = PBXFileReference; explicitFileType = "compiled.mach-o.executable"; includeInIndex = 0; path = symal; sourceTree = BUILT_PRODUCTS_DIR; };
/* End PBXFileReference section */

/* Begin PBXFrameworksBuildPhase section */
		A9A5595A146D120A003B5A4A /* Frameworks */ = {
			isa = PBXFrameworksBuildPhase;
			buildActionMask = 2147483647;
			files = (
			);
			runOnlyForDeploymentPostprocessing = 0;
		};
/* End PBXFrameworksBuildPhase section */

/* Begin PBXGroup section */
		A9A55945146D116D003B5A4A = {
			isa = PBXGroup;
			children = (
				A9A55960146D120A003B5A4A /* Source */,
				A9A5595E146D120A003B5A4A /* Products */,
			);
			sourceTree = "<group>";
		};
		A9A5595E146D120A003B5A4A /* Products */ = {
			isa = PBXGroup;
			children = (
				A9A5595D146D120A003B5A4A /* symal */,
			);
			name = Products;
			sourceTree = "<group>";
		};
		A9A55960146D120A003B5A4A /* Source */ = {
			isa = PBXGroup;
			children = (
				A9A5594F146D116D003B5A4A /* cmd.c */,
				A9A55950146D116D003B5A4A /* cmd.h */,
				A9A55952146D116D003B5A4A /* giza2bal.pl */,
				A9A55954146D116D003B5A4A /* symal.cpp */,
			);
			name = Source;
			path = symal;
			sourceTree = "<group>";
		};
/* End PBXGroup section */

/* Begin PBXNativeTarget section */
		A9A5595C146D120A003B5A4A /* symal */ = {
			isa = PBXNativeTarget;
			buildConfigurationList = A9A55961146D120A003B5A4A /* Build configuration list for PBXNativeTarget "symal" */;
			buildPhases = (
				A9A55959146D120A003B5A4A /* Sources */,
				A9A5595A146D120A003B5A4A /* Frameworks */,
				A9A5595B146D120A003B5A4A /* CopyFiles */,
			);
			buildRules = (
			);
			dependencies = (
			);
			name = symal;
			productName = symal;
			productReference = A9A5595D146D120A003B5A4A /* symal */;
			productType = "com.apple.product-type.tool";
		};
/* End PBXNativeTarget section */

/* Begin PBXProject section */
		A9A55947146D116D003B5A4A /* Project object */ = {
			isa = PBXProject;
			buildConfigurationList = A9A5594A146D116D003B5A4A /* Build configuration list for PBXProject "symal" */;
			compatibilityVersion = "Xcode 3.2";
			developmentRegion = English;
			hasScannedForEncodings = 0;
			knownRegions = (
				en,
			);
			mainGroup = A9A55945146D116D003B5A4A;
			productRefGroup = A9A5595E146D120A003B5A4A /* Products */;
			projectDirPath = "";
			projectRoot = "";
			targets = (
				A9A5595C146D120A003B5A4A /* symal */,
			);
		};
/* End PBXProject section */

/* Begin PBXSourcesBuildPhase section */
		A9A55959146D120A003B5A4A /* Sources */ = {
			isa = PBXSourcesBuildPhase;
			buildActionMask = 2147483647;
			files = (
			);
			runOnlyForDeploymentPostprocessing = 0;
		};
/* End PBXSourcesBuildPhase section */

/* Begin XCBuildConfiguration section */
		A9A55948146D116D003B5A4A /* Debug */ = {
			isa = XCBuildConfiguration;
			buildSettings = {
				ARCHS = "$(NATIVE_ARCH_ACTUAL)";
				COPY_PHASE_STRIP = NO;
				GCC_VERSION = com.apple.compilers.llvm.clang.1_0;
				GCC_WARN_ABOUT_RETURN_TYPE = YES;
				GCC_WARN_UNUSED_VARIABLE = YES;
				MACOSX_DEPLOYMENT_TARGET = 10.7;
				ONLY_ACTIVE_ARCH = YES;
				SDKROOT = macosx10.7;
			};
			name = Debug;
		};
		A9A55949146D116D003B5A4A /* Release */ = {
			isa = XCBuildConfiguration;
			buildSettings = {
				ARCHS = "$(NATIVE_ARCH_ACTUAL)";
				COPY_PHASE_STRIP = YES;
				GCC_VERSION = com.apple.compilers.llvm.clang.1_0;
				GCC_WARN_ABOUT_RETURN_TYPE = YES;
				GCC_WARN_UNUSED_VARIABLE = YES;
				MACOSX_DEPLOYMENT_TARGET = 10.7;
				ONLY_ACTIVE_ARCH = YES;
				SDKROOT = macosx10.7;
			};
			name = Release;
		};
		A9A55962146D120A003B5A4A /* Debug */ = {
			isa = XCBuildConfiguration;
			buildSettings = {
				ALWAYS_SEARCH_USER_PATHS = NO;
				CLANG_ENABLE_OBJC_ARC = YES;
				GCC_C_LANGUAGE_STANDARD = gnu99;
				GCC_DYNAMIC_NO_PIC = NO;
				GCC_ENABLE_OBJC_EXCEPTIONS = YES;
				GCC_OPTIMIZATION_LEVEL = 0;
				GCC_PREPROCESSOR_DEFINITIONS = (
					"DEBUG=1",
					"$(inherited)",
				);
				GCC_SYMBOLS_PRIVATE_EXTERN = NO;
				GCC_WARN_64_TO_32_BIT_CONVERSION = YES;
				GCC_WARN_ABOUT_MISSING_PROTOTYPES = YES;
				MACOSX_DEPLOYMENT_TARGET = 10.7;
				PRODUCT_NAME = "$(TARGET_NAME)";
			};
			name = Debug;
		};
		A9A55963146D120A003B5A4A /* Release */ = {
			isa = XCBuildConfiguration;
			buildSettings = {
				ALWAYS_SEARCH_USER_PATHS = NO;
				CLANG_ENABLE_OBJC_ARC = YES;
				DEBUG_INFORMATION_FORMAT = "dwarf-with-dsym";
				GCC_C_LANGUAGE_STANDARD = gnu99;
				GCC_ENABLE_OBJC_EXCEPTIONS = YES;
				GCC_WARN_64_TO_32_BIT_CONVERSION = YES;
				GCC_WARN_ABOUT_MISSING_PROTOTYPES = YES;
				MACOSX_DEPLOYMENT_TARGET = 10.7;
				PRODUCT_NAME = "$(TARGET_NAME)";
			};
			name = Release;
		};
/* End XCBuildConfiguration section */

/* Begin XCConfigurationList section */
		A9A5594A146D116D003B5A4A /* Build configuration list for PBXProject "symal" */ = {
			isa = XCConfigurationList;
			buildConfigurations = (
				A9A55948146D116D003B5A4A /* Debug */,
				A9A55949146D116D003B5A4A /* Release */,
			);
			defaultConfigurationIsVisible = 0;
			defaultConfigurationName = Release;
		};
		A9A55961146D120A003B5A4A /* Build configuration list for PBXNativeTarget "symal" */ = {
			isa = XCConfigurationList;
			buildConfigurations = (
				A9A55962146D120A003B5A4A /* Debug */,
				A9A55963146D120A003B5A4A /* Release */,
			);
			defaultConfigurationIsVisible = 0;
		};
/* End XCConfigurationList section */
	};
	rootObject = A9A55947146D116D003B5A4A /* Project object */;
}
